
Microsoft Visual Studio Solution File, Format Version 12.00
# Visual Studio 15
VisualStudioVersion = 15.0.28307.1340
MinimumVisualStudioVersion = 10.0.40219.1
Project("{FAE04EC0-301F-11D3-BF4B-00C04F79EFBC}") = "TestUdpClient", "TestUdpClient\TestUdpClient.csproj", "{A50CB0AC-BA52-40F4-979E-A1C6ED01BF22}"
EndProject
Global
	GlobalSection(SolutionConfigurationPlatforms) = preSolution
		Debug|Any CPU = Debug|Any CPU
		Release|Any CPU = Release|Any CPU
	EndGlobalSection
	GlobalSection(ProjectConfigurationPlatforms) = postSolution
		{A50CB0AC-BA52-40F4-979E-A1C6ED01BF22}.Debug|Any CPU.ActiveCfg = Debug|Any CPU
		{A50CB0AC-BA52-40F4-979E-A1C6ED01BF22}.Debug|Any CPU.Build.0 = Debug|Any CPU
		{A50CB0AC-BA52-40F4-979E-A1C6ED01BF22}.Release|Any CPU.ActiveCfg = Release|Any CPU
		{A50CB0AC-BA52-40F4-979E-A1C6ED01BF22}.Release|Any CPU.Build.0 = Release|Any CPU
	EndGlobalSection
	GlobalSection(SolutionProperties) = preSolution
		HideSolutionNode = FALSE
	EndGlobalSection
	GlobalSection(ExtensibilityGlobals) = postSolution
		SolutionGuid = {DF17DCA0-FB33-406D-879F-FAD605DDE40D}
	EndGlobalSection
EndGlobal
